
Microsoft Visual Studio Solution File, Format Version 12.00
# Visual Studio 15
VisualStudioVersion = 15.0.26124.0
MinimumVisualStudioVersion = 15.0.26124.0
Project("{FAE04EC0-301F-11D3-BF4B-00C04F79EFBC}") = "Bento.Variants.Api", "Bento.Variants.Api\Bento.Variants.Api.csproj", "{40CD0BDA-CD4C-4759-9471-EA7C5A8075CC}"
EndProject
Project("{FAE04EC0-301F-11D3-BF4B-00C04F79EFBC}") = "Bento.Variants.Console", "Bento.Variants.Console\Bento.Variants.Console.csproj", "{E634D808-DBC5-48FF-B207-89F6A7708330}"
EndProject
Global
	GlobalSection(SolutionConfigurationPlatforms) = preSolution
		Debug|Any CPU = Debug|Any CPU
		Debug|x64 = Debug|x64
		Debug|x86 = Debug|x86
		Release|Any CPU = Release|Any CPU
		Release|x64 = Release|x64
		Release|x86 = Release|x86
		ReleaseAlpine|Any CPU = ReleaseAlpine|Any CPU
		ReleaseAlpine|x64 = ReleaseAlpine|x64
		ReleaseAlpine|x86 = ReleaseAlpine|x86
	EndGlobalSection
	GlobalSection(SolutionProperties) = preSolution
		HideSolutionNode = FALSE
	EndGlobalSection
	GlobalSection(ProjectConfigurationPlatforms) = postSolution
		{40CD0BDA-CD4C-4759-9471-EA7C5A8075CC}.Debug|Any CPU.ActiveCfg = Debug|Any CPU
		{40CD0BDA-CD4C-4759-9471-EA7C5A8075CC}.Debug|Any CPU.Build.0 = Debug|Any CPU
		{40CD0BDA-CD4C-4759-9471-EA7C5A8075CC}.Debug|x64.ActiveCfg = Debug|Any CPU
		{40CD0BDA-CD4C-4759-9471-EA7C5A8075CC}.Debug|x64.Build.0 = Debug|Any CPU
		{40CD0BDA-CD4C-4759-9471-EA7C5A8075CC}.Debug|x86.ActiveCfg = Debug|Any CPU
		{40CD0BDA-CD4C-4759-9471-EA7C5A8075CC}.Debug|x86.Build.0 = Debug|Any CPU
		{40CD0BDA-CD4C-4759-9471-EA7C5A8075CC}.Release|Any CPU.ActiveCfg = Release|Any CPU
		{40CD0BDA-CD4C-4759-9471-EA7C5A8075CC}.Release|Any CPU.Build.0 = Release|Any CPU
		{40CD0BDA-CD4C-4759-9471-EA7C5A8075CC}.Release|x64.ActiveCfg = Release|Any CPU
		{40CD0BDA-CD4C-4759-9471-EA7C5A8075CC}.Release|x64.Build.0 = Release|Any CPU
		{40CD0BDA-CD4C-4759-9471-EA7C5A8075CC}.Release|x86.ActiveCfg = Release|Any CPU
		{40CD0BDA-CD4C-4759-9471-EA7C5A8075CC}.Release|x86.Build.0 = Release|Any CPU
		{40CD0BDA-CD4C-4759-9471-EA7C5A8075CC}.ReleaseAlpine|Any CPU.ActiveCfg = ReleaseAlpine|Any CPU
		{40CD0BDA-CD4C-4759-9471-EA7C5A8075CC}.ReleaseAlpine|Any CPU.Build.0 = ReleaseAlpine|Any CPU
		{40CD0BDA-CD4C-4759-9471-EA7C5A8075CC}.ReleaseAlpine|x64.ActiveCfg = ReleaseAlpine|Any CPU
		{40CD0BDA-CD4C-4759-9471-EA7C5A8075CC}.ReleaseAlpine|x64.Build.0 = ReleaseAlpine|Any CPU
		{40CD0BDA-CD4C-4759-9471-EA7C5A8075CC}.ReleaseAlpine|x86.ActiveCfg = ReleaseAlpine|Any CPU
		{40CD0BDA-CD4C-4759-9471-EA7C5A8075CC}.ReleaseAlpine|x86.Build.0 = ReleaseAlpine|Any CPU
		{E634D808-DBC5-48FF-B207-89F6A7708330}.Debug|Any CPU.ActiveCfg = Debug|Any CPU
		{E634D808-DBC5-48FF-B207-89F6A7708330}.Debug|Any CPU.Build.0 = Debug|Any CPU
		{E634D808-DBC5-48FF-B207-89F6A7708330}.Debug|x64.ActiveCfg = Debug|Any CPU
		{E634D808-DBC5-48FF-B207-89F6A7708330}.Debug|x64.Build.0 = Debug|Any CPU
		{E634D808-DBC5-48FF-B207-89F6A7708330}.Debug|x86.ActiveCfg = Debug|Any CPU
		{E634D808-DBC5-48FF-B207-89F6A7708330}.Debug|x86.Build.0 = Debug|Any CPU
		{E634D808-DBC5-48FF-B207-89F6A7708330}.Release|Any CPU.ActiveCfg = Release|Any CPU
		{E634D808-DBC5-48FF-B207-89F6A7708330}.Release|Any CPU.Build.0 = Release|Any CPU
		{E634D808-DBC5-48FF-B207-89F6A7708330}.Release|x64.ActiveCfg = Release|Any CPU
		{E634D808-DBC5-48FF-B207-89F6A7708330}.Release|x64.Build.0 = Release|Any CPU
		{E634D808-DBC5-48FF-B207-89F6A7708330}.Release|x86.ActiveCfg = Release|Any CPU
		{E634D808-DBC5-48FF-B207-89F6A7708330}.Release|x86.Build.0 = Release|Any CPU
		{E634D808-DBC5-48FF-B207-89F6A7708330}.ReleaseAlpine|Any CPU.ActiveCfg = ReleaseAlpine|Any CPU
		{E634D808-DBC5-48FF-B207-89F6A7708330}.ReleaseAlpine|Any CPU.Build.0 = ReleaseAlpine|Any CPU
		{E634D808-DBC5-48FF-B207-89F6A7708330}.ReleaseAlpine|x64.ActiveCfg = ReleaseAlpine|Any CPU
		{E634D808-DBC5-48FF-B207-89F6A7708330}.ReleaseAlpine|x64.Build.0 = ReleaseAlpine|Any CPU
		{E634D808-DBC5-48FF-B207-89F6A7708330}.ReleaseAlpine|x86.ActiveCfg = ReleaseAlpine|Any CPU
		{E634D808-DBC5-48FF-B207-89F6A7708330}.ReleaseAlpine|x86.Build.0 = ReleaseAlpine|Any CPU
	EndGlobalSection
EndGlobal
